
Microsoft Visual Studio Solution File, Format Version 12.00
# Visual Studio 15
VisualStudioVersion = 15.0.27004.2005
MinimumVisualStudioVersion = 10.0.40219.1
Project("{FAE04EC0-301F-11D3-BF4B-00C04F79EFBC}") = "Folder Flattener", "Folder Flattener\Folder Flattener.csproj", "{0F0E41DA-BF94-4286-9905-417F719D269A}"
EndProject
Global
	GlobalSection(SolutionConfigurationPlatforms) = preSolution
		Debug|Any CPU = Debug|Any CPU
		Release|Any CPU = Release|Any CPU
	EndGlobalSection
	GlobalSection(ProjectConfigurationPlatforms) = postSolution
		{0F0E41DA-BF94-4286-9905-417F719D269A}.Debug|Any CPU.ActiveCfg = Debug|Any CPU
		{0F0E41DA-BF94-4286-9905-417F719D269A}.Debug|Any CPU.Build.0 = Debug|Any CPU
		{0F0E41DA-BF94-4286-9905-417F719D269A}.Release|Any CPU.ActiveCfg = Release|Any CPU
		{0F0E41DA-BF94-4286-9905-417F719D269A}.Release|Any CPU.Build.0 = Release|Any CPU
	EndGlobalSection
	GlobalSection(SolutionProperties) = preSolution
		HideSolutionNode = FALSE
	EndGlobalSection
	GlobalSection(ExtensibilityGlobals) = postSolution
		SolutionGuid = {B9B3040E-CF31-465C-9E8E-DC7234BACB46}
	EndGlobalSection
EndGlobal
